// !$*UTF8*$!
{
	archiveVersion = 1;
	classes = {
	};
	objectVersion = 56;
	objects = {

/* Begin PBXBuildFile section */
		5316CF8028E16224009A37D9 /* HeaderView.swift in Sources */ = {isa = PBXBuildFile; fileRef = 5316CF7F28E16224009A37D9 /* HeaderView.swift */; };
		5316CF8328E162B9009A37D9 /* Constant.swift in Sources */ = {isa = PBXBuildFile; fileRef = 5316CF8228E162B8009A37D9 /* Constant.swift */; };
		5316CF8A28E16837009A37D9 /* CategoryItemView.swift in Sources */ = {isa = PBXBuildFile; fileRef = 5316CF8928E16837009A37D9 /* CategoryItemView.swift */; };
		5316CF8D28E16B8F009A37D9 /* category.json in Resources */ = {isa = PBXBuildFile; fileRef = 5316CF8C28E16B8F009A37D9 /* category.json */; };
		5316CF9028E170F7009A37D9 /* CategoryModel.swift in Sources */ = {isa = PBXBuildFile; fileRef = 5316CF8F28E170F7009A37D9 /* CategoryModel.swift */; };
		5316CF9328E17140009A37D9 /* CodableBundleExtension.swift in Sources */ = {isa = PBXBuildFile; fileRef = 5316CF9228E1713F009A37D9 /* CodableBundleExtension.swift */; };
		5316CF9528E1784A009A37D9 /* CategoryGridView.swift in Sources */ = {isa = PBXBuildFile; fileRef = 5316CF9428E1784A009A37D9 /* CategoryGridView.swift */; };
		5316CF9728E181EA009A37D9 /* FeaturedItemView.swift in Sources */ = {isa = PBXBuildFile; fileRef = 5316CF9628E181EA009A37D9 /* FeaturedItemView.swift */; };
		5316CF9928E18BD9009A37D9 /* product.json in Resources */ = {isa = PBXBuildFile; fileRef = 5316CF9828E18BD9009A37D9 /* product.json */; };
		5316CF9B28E1906E009A37D9 /* ProductModel.swift in Sources */ = {isa = PBXBuildFile; fileRef = 5316CF9A28E1906E009A37D9 /* ProductModel.swift */; };
		5316CF9D28E19157009A37D9 /* ProductItemView.swift in Sources */ = {isa = PBXBuildFile; fileRef = 5316CF9C28E19157009A37D9 /* ProductItemView.swift */; };
		5316CF9F28E1A941009A37D9 /* NavigationBarView.swift in Sources */ = {isa = PBXBuildFile; fileRef = 5316CF9E28E1A941009A37D9 /* NavigationBarView.swift */; };
		5316CFA128E1B01F009A37D9 /* CreditsView.swift in Sources */ = {isa = PBXBuildFile; fileRef = 5316CFA028E1B01F009A37D9 /* CreditsView.swift */; };
		5316CFA428E1B1D1009A37D9 /* CenterModifier.swift in Sources */ = {isa = PBXBuildFile; fileRef = 5316CFA328E1B1D1009A37D9 /* CenterModifier.swift */; };
		5368778F28E6D776003F239E /* SleepDataRowView.swift in Sources */ = {isa = PBXBuildFile; fileRef = 5368778E28E6D776003F239E /* SleepDataRowView.swift */; };
		5368779128E6E012003F239E /* SleepDataDetailView.swift in Sources */ = {isa = PBXBuildFile; fileRef = 5368779028E6E012003F239E /* SleepDataDetailView.swift */; };
		5395264B28E083C4004FABF9 /* MainView.swift in Sources */ = {isa = PBXBuildFile; fileRef = 5395264A28E083C4004FABF9 /* MainView.swift */; };
		5395264D28E08473004FABF9 /* SleepView.swift in Sources */ = {isa = PBXBuildFile; fileRef = 5395264C28E08473004FABF9 /* SleepView.swift */; };
		5395264F28E0849E004FABF9 /* MeditateView.swift in Sources */ = {isa = PBXBuildFile; fileRef = 5395264E28E0849E004FABF9 /* MeditateView.swift */; };
		5395265128E084C8004FABF9 /* MusicView.swift in Sources */ = {isa = PBXBuildFile; fileRef = 5395265028E084C8004FABF9 /* MusicView.swift */; };
		5395265328E084DE004FABF9 /* ProfileView.swift in Sources */ = {isa = PBXBuildFile; fileRef = 5395265228E084DE004FABF9 /* ProfileView.swift */; };
		539EB8D328E05B4300A11B00 /* LaunchScreen.storyboard in Resources */ = {isa = PBXBuildFile; fileRef = 539EB8D228E05B4300A11B00 /* LaunchScreen.storyboard */; };
		539EB8D728E05F3800A11B00 /* OnboardingView.swift in Sources */ = {isa = PBXBuildFile; fileRef = 539EB8D628E05F3800A11B00 /* OnboardingView.swift */; };
		539EB8D928E061D800A11B00 /* CircleGroupView.swift in Sources */ = {isa = PBXBuildFile; fileRef = 539EB8D828E061D800A11B00 /* CircleGroupView.swift */; };
		53DD6D5928E0379600DC3E64 /* SleepStoriesApp.swift in Sources */ = {isa = PBXBuildFile; fileRef = 53DD6D5828E0379600DC3E64 /* SleepStoriesApp.swift */; };
		53DD6D5B28E0379600DC3E64 /* ContentView.swift in Sources */ = {isa = PBXBuildFile; fileRef = 53DD6D5A28E0379600DC3E64 /* ContentView.swift */; };
		53DD6D5D28E0379800DC3E64 /* Assets.xcassets in Resources */ = {isa = PBXBuildFile; fileRef = 53DD6D5C28E0379800DC3E64 /* Assets.xcassets */; };
		53DD6D6028E0379800DC3E64 /* Preview Assets.xcassets in Resources */ = {isa = PBXBuildFile; fileRef = 53DD6D5F28E0379800DC3E64 /* Preview Assets.xcassets */; };
/* End PBXBuildFile section */

/* Begin PBXFileReference section */
		5316CF7F28E16224009A37D9 /* HeaderView.swift */ = {isa = PBXFileReference; lastKnownFileType = sourcecode.swift; path = HeaderView.swift; sourceTree = "<group>"; };
		5316CF8228E162B8009A37D9 /* Constant.swift */ = {isa = PBXFileReference; lastKnownFileType = sourcecode.swift; path = Constant.swift; sourceTree = "<group>"; };
		5316CF8928E16837009A37D9 /* CategoryItemView.swift */ = {isa = PBXFileReference; lastKnownFileType = sourcecode.swift; path = CategoryItemView.swift; sourceTree = "<group>"; };
		5316CF8C28E16B8F009A37D9 /* category.json */ = {isa = PBXFileReference; fileEncoding = 4; lastKnownFileType = text.json; path = category.json; sourceTree = "<group>"; };
		5316CF8F28E170F7009A37D9 /* CategoryModel.swift */ = {isa = PBXFileReference; lastKnownFileType = sourcecode.swift; path = CategoryModel.swift; sourceTree = "<group>"; };
		5316CF9228E1713F009A37D9 /* CodableBundleExtension.swift */ = {isa = PBXFileReference; lastKnownFileType = sourcecode.swift; path = CodableBundleExtension.swift; sourceTree = "<group>"; };
		5316CF9428E1784A009A37D9 /* CategoryGridView.swift */ = {isa = PBXFileReference; lastKnownFileType = sourcecode.swift; path = CategoryGridView.swift; sourceTree = "<group>"; };
		5316CF9628E181EA009A37D9 /* FeaturedItemView.swift */ = {isa = PBXFileReference; lastKnownFileType = sourcecode.swift; path = FeaturedItemView.swift; sourceTree = "<group>"; };
		5316CF9828E18BD9009A37D9 /* product.json */ = {isa = PBXFileReference; fileEncoding = 4; lastKnownFileType = text.json; path = product.json; sourceTree = "<group>"; };
		5316CF9A28E1906E009A37D9 /* ProductModel.swift */ = {isa = PBXFileReference; lastKnownFileType = sourcecode.swift; path = ProductModel.swift; sourceTree = "<group>"; };
		5316CF9C28E19157009A37D9 /* ProductItemView.swift */ = {isa = PBXFileReference; lastKnownFileType = sourcecode.swift; path = ProductItemView.swift; sourceTree = "<group>"; };
		5316CF9E28E1A941009A37D9 /* NavigationBarView.swift */ = {isa = PBXFileReference; lastKnownFileType = sourcecode.swift; path = NavigationBarView.swift; sourceTree = "<group>"; };
		5316CFA028E1B01F009A37D9 /* CreditsView.swift */ = {isa = PBXFileReference; lastKnownFileType = sourcecode.swift; path = CreditsView.swift; sourceTree = "<group>"; };
		5316CFA328E1B1D1009A37D9 /* CenterModifier.swift */ = {isa = PBXFileReference; lastKnownFileType = sourcecode.swift; path = CenterModifier.swift; sourceTree = "<group>"; };
		5368778E28E6D776003F239E /* SleepDataRowView.swift */ = {isa = PBXFileReference; lastKnownFileType = sourcecode.swift; path = SleepDataRowView.swift; sourceTree = "<group>"; };
		5368779028E6E012003F239E /* SleepDataDetailView.swift */ = {isa = PBXFileReference; lastKnownFileType = sourcecode.swift; path = SleepDataDetailView.swift; sourceTree = "<group>"; };
		5395264A28E083C4004FABF9 /* MainView.swift */ = {isa = PBXFileReference; lastKnownFileType = sourcecode.swift; path = MainView.swift; sourceTree = "<group>"; };
		5395264C28E08473004FABF9 /* SleepView.swift */ = {isa = PBXFileReference; lastKnownFileType = sourcecode.swift; path = SleepView.swift; sourceTree = "<group>"; };
		5395264E28E0849E004FABF9 /* MeditateView.swift */ = {isa = PBXFileReference; lastKnownFileType = sourcecode.swift; path = MeditateView.swift; sourceTree = "<group>"; };
		5395265028E084C8004FABF9 /* MusicView.swift */ = {isa = PBXFileReference; lastKnownFileType = sourcecode.swift; path = MusicView.swift; sourceTree = "<group>"; };
		5395265228E084DE004FABF9 /* ProfileView.swift */ = {isa = PBXFileReference; lastKnownFileType = sourcecode.swift; path = ProfileView.swift; sourceTree = "<group>"; };
		539EB8D128E059D900A11B00 /* Info.plist */ = {isa = PBXFileReference; lastKnownFileType = text.plist; path = Info.plist; sourceTree = "<group>"; };
		539EB8D228E05B4300A11B00 /* LaunchScreen.storyboard */ = {isa = PBXFileReference; lastKnownFileType = file.storyboard; path = LaunchScreen.storyboard; sourceTree = "<group>"; };
		539EB8D628E05F3800A11B00 /* OnboardingView.swift */ = {isa = PBXFileReference; lastKnownFileType = sourcecode.swift; path = OnboardingView.swift; sourceTree = "<group>"; };
		539EB8D828E061D800A11B00 /* CircleGroupView.swift */ = {isa = PBXFileReference; lastKnownFileType = sourcecode.swift; path = CircleGroupView.swift; sourceTree = "<group>"; };
		53DD6D5528E0379600DC3E64 /* SleepStories.app */ = {isa = PBXFileReference; explicitFileType = wrapper.application; includeInIndex = 0; path = SleepStories.app; sourceTree = BUILT_PRODUCTS_DIR; };
		53DD6D5828E0379600DC3E64 /* SleepStoriesApp.swift */ = {isa = PBXFileReference; lastKnownFileType = sourcecode.swift; path = SleepStoriesApp.swift; sourceTree = "<group>"; };
		53DD6D5A28E0379600DC3E64 /* ContentView.swift */ = {isa = PBXFileReference; lastKnownFileType = sourcecode.swift; path = ContentView.swift; sourceTree = "<group>"; };
		53DD6D5C28E0379800DC3E64 /* Assets.xcassets */ = {isa = PBXFileReference; lastKnownFileType = folder.assetcatalog; path = Assets.xcassets; sourceTree = "<group>"; };
		53DD6D5F28E0379800DC3E64 /* Preview Assets.xcassets */ = {isa = PBXFileReference; lastKnownFileType = folder.assetcatalog; path = "Preview Assets.xcassets"; sourceTree = "<group>"; };
/* End PBXFileReference section */

/* Begin PBXFrameworksBuildPhase section */
		53DD6D5228E0379600DC3E64 /* Frameworks */ = {
			isa = PBXFrameworksBuildPhase;
			buildActionMask = 2147483647;
			files = (
			);
			runOnlyForDeploymentPostprocessing = 0;
		};
/* End PBXFrameworksBuildPhase section */

/* Begin PBXGroup section */
		5316CF8128E162AA009A37D9 /* Utility */ = {
			isa = PBXGroup;
			children = (
				5316CF8228E162B8009A37D9 /* Constant.swift */,
			);
			path = Utility;
			sourceTree = "<group>";
		};
		5316CF8428E16793009A37D9 /* TabHome */ = {
			isa = PBXGroup;
			children = (
				53DD6D5A28E0379600DC3E64 /* ContentView.swift */,
				5316CF9E28E1A941009A37D9 /* NavigationBarView.swift */,
				5316CFA028E1B01F009A37D9 /* CreditsView.swift */,
			);
			path = TabHome;
			sourceTree = "<group>";
		};
		5316CF8528E167A3009A37D9 /* TabSleep */ = {
			isa = PBXGroup;
			children = (
				5395264C28E08473004FABF9 /* SleepView.swift */,
				5368778E28E6D776003F239E /* SleepDataRowView.swift */,
				5368779028E6E012003F239E /* SleepDataDetailView.swift */,
			);
			path = TabSleep;
			sourceTree = "<group>";
		};
		5316CF8628E167C2009A37D9 /* TabMeditate */ = {
			isa = PBXGroup;
			children = (
				5395264E28E0849E004FABF9 /* MeditateView.swift */,
			);
			path = TabMeditate;
			sourceTree = "<group>";
		};
		5316CF8728E167CF009A37D9 /* TabMusic */ = {
			isa = PBXGroup;
			children = (
				5395265028E084C8004FABF9 /* MusicView.swift */,
			);
			path = TabMusic;
			sourceTree = "<group>";
		};
		5316CF8828E167E1009A37D9 /* TabProfile */ = {
			isa = PBXGroup;
			children = (
				5395265228E084DE004FABF9 /* ProfileView.swift */,
			);
			path = TabProfile;
			sourceTree = "<group>";
		};
		5316CF8B28E16B84009A37D9 /* Data */ = {
			isa = PBXGroup;
			children = (
				5316CF9828E18BD9009A37D9 /* product.json */,
				5316CF8C28E16B8F009A37D9 /* category.json */,
			);
			path = Data;
			sourceTree = "<group>";
		};
		5316CF8E28E170E8009A37D9 /* Model */ = {
			isa = PBXGroup;
			children = (
				5316CF8F28E170F7009A37D9 /* CategoryModel.swift */,
				5316CF9A28E1906E009A37D9 /* ProductModel.swift */,
			);
			path = Model;
			sourceTree = "<group>";
		};
		5316CF9128E17126009A37D9 /* Extension */ = {
			isa = PBXGroup;
			children = (
				5316CF9228E1713F009A37D9 /* CodableBundleExtension.swift */,
			);
			path = Extension;
			sourceTree = "<group>";
		};
		5316CFA228E1B1BD009A37D9 /* Modifier */ = {
			isa = PBXGroup;
			children = (
				5316CFA328E1B1D1009A37D9 /* CenterModifier.swift */,
			);
			path = Modifier;
			sourceTree = "<group>";
		};
		539EB8D428E05DF100A11B00 /* App */ = {
			isa = PBXGroup;
			children = (
				5395264A28E083C4004FABF9 /* MainView.swift */,
				53DD6D5828E0379600DC3E64 /* SleepStoriesApp.swift */,
				539EB8D228E05B4300A11B00 /* LaunchScreen.storyboard */,
			);
			path = App;
			sourceTree = "<group>";
		};
		539EB8D528E05E0600A11B00 /* View */ = {
			isa = PBXGroup;
			children = (
				5316CF8828E167E1009A37D9 /* TabProfile */,
				5316CF8728E167CF009A37D9 /* TabMusic */,
				5316CF8628E167C2009A37D9 /* TabMeditate */,
				5316CF8528E167A3009A37D9 /* TabSleep */,
				5316CF8428E16793009A37D9 /* TabHome */,
				539EB8D628E05F3800A11B00 /* OnboardingView.swift */,
				539EB8D828E061D800A11B00 /* CircleGroupView.swift */,
				5316CF7F28E16224009A37D9 /* HeaderView.swift */,
				5316CF8928E16837009A37D9 /* CategoryItemView.swift */,
				5316CF9428E1784A009A37D9 /* CategoryGridView.swift */,
				5316CF9628E181EA009A37D9 /* FeaturedItemView.swift */,
				5316CF9C28E19157009A37D9 /* ProductItemView.swift */,
			);
			path = View;
			sourceTree = "<group>";
		};
		53DD6D4C28E0379600DC3E64 = {
			isa = PBXGroup;
			children = (
				53DD6D5728E0379600DC3E64 /* SleepStories */,
				53DD6D5628E0379600DC3E64 /* Products */,
			);
			sourceTree = "<group>";
		};
		53DD6D5628E0379600DC3E64 /* Products */ = {
			isa = PBXGroup;
			children = (
				53DD6D5528E0379600DC3E64 /* SleepStories.app */,
			);
			name = Products;
			sourceTree = "<group>";
		};
		53DD6D5728E0379600DC3E64 /* SleepStories */ = {
			isa = PBXGroup;
			children = (
				5316CFA228E1B1BD009A37D9 /* Modifier */,
				5316CF9128E17126009A37D9 /* Extension */,
				5316CF8E28E170E8009A37D9 /* Model */,
				5316CF8B28E16B84009A37D9 /* Data */,
				5316CF8128E162AA009A37D9 /* Utility */,
				539EB8D528E05E0600A11B00 /* View */,
				539EB8D428E05DF100A11B00 /* App */,
				539EB8D128E059D900A11B00 /* Info.plist */,
				53DD6D5C28E0379800DC3E64 /* Assets.xcassets */,
				53DD6D5E28E0379800DC3E64 /* Preview Content */,
			);
			path = SleepStories;
			sourceTree = "<group>";
		};
		53DD6D5E28E0379800DC3E64 /* Preview Content */ = {
			isa = PBXGroup;
			children = (
				53DD6D5F28E0379800DC3E64 /* Preview Assets.xcassets */,
			);
			path = "Preview Content";
			sourceTree = "<group>";
		};
/* End PBXGroup section */

/* Begin PBXNativeTarget section */
		53DD6D5428E0379600DC3E64 /* SleepStories */ = {
			isa = PBXNativeTarget;
			buildConfigurationList = 53DD6D6328E0379800DC3E64 /* Build configuration list for PBXNativeTarget "SleepStories" */;
			buildPhases = (
				53DD6D5128E0379600DC3E64 /* Sources */,
				53DD6D5228E0379600DC3E64 /* Frameworks */,
				53DD6D5328E0379600DC3E64 /* Resources */,
			);
			buildRules = (
			);
			dependencies = (
			);
			name = SleepStories;
			productName = SleepStories;
			productReference = 53DD6D5528E0379600DC3E64 /* SleepStories.app */;
			productType = "com.apple.product-type.application";
		};
/* End PBXNativeTarget section */

/* Begin PBXProject section */
		53DD6D4D28E0379600DC3E64 /* Project object */ = {
			isa = PBXProject;
			attributes = {
				BuildIndependentTargetsInParallel = 1;
				LastSwiftUpdateCheck = 1400;
				LastUpgradeCheck = 1400;
				TargetAttributes = {
					53DD6D5428E0379600DC3E64 = {
						CreatedOnToolsVersion = 14.0;
					};
				};
			};
			buildConfigurationList = 53DD6D5028E0379600DC3E64 /* Build configuration list for PBXProject "SleepStories" */;
			compatibilityVersion = "Xcode 14.0";
			developmentRegion = en;
			hasScannedForEncodings = 0;
			knownRegions = (
				en,
				Base,
			);
			mainGroup = 53DD6D4C28E0379600DC3E64;
			productRefGroup = 53DD6D5628E0379600DC3E64 /* Products */;
			projectDirPath = "";
			projectRoot = "";
			targets = (
				53DD6D5428E0379600DC3E64 /* SleepStories */,
			);
		};
/* End PBXProject section */

/* Begin PBXResourcesBuildPhase section */
		53DD6D5328E0379600DC3E64 /* Resources */ = {
			isa = PBXResourcesBuildPhase;
			buildActionMask = 2147483647;
			files = (
				539EB8D328E05B4300A11B00 /* LaunchScreen.storyboard in Resources */,
				53DD6D6028E0379800DC3E64 /* Preview Assets.xcassets in Resources */,
				53DD6D5D28E0379800DC3E64 /* Assets.xcassets in Resources */,
				5316CF8D28E16B8F009A37D9 /* category.json in Resources */,
				5316CF9928E18BD9009A37D9 /* product.json in Resources */,
			);
			runOnlyForDeploymentPostprocessing = 0;
		};
/* End PBXResourcesBuildPhase section */

/* Begin PBXSourcesBuildPhase section */
		53DD6D5128E0379600DC3E64 /* Sources */ = {
			isa = PBXSourcesBuildPhase;
			buildActionMask = 2147483647;
			files = (
				5316CF9028E170F7009A37D9 /* CategoryModel.swift in Sources */,
				5368778F28E6D776003F239E /* SleepDataRowView.swift in Sources */,
				539EB8D728E05F3800A11B00 /* OnboardingView.swift in Sources */,
				5395265328E084DE004FABF9 /* ProfileView.swift in Sources */,
				5316CFA428E1B1D1009A37D9 /* CenterModifier.swift in Sources */,
				5316CF9B28E1906E009A37D9 /* ProductModel.swift in Sources */,
				5316CF9528E1784A009A37D9 /* CategoryGridView.swift in Sources */,
				53DD6D5B28E0379600DC3E64 /* ContentView.swift in Sources */,
				5395264F28E0849E004FABF9 /* MeditateView.swift in Sources */,
				5395264D28E08473004FABF9 /* SleepView.swift in Sources */,
				5316CF8028E16224009A37D9 /* HeaderView.swift in Sources */,
				5316CF9D28E19157009A37D9 /* ProductItemView.swift in Sources */,
				539EB8D928E061D800A11B00 /* CircleGroupView.swift in Sources */,
				5395264B28E083C4004FABF9 /* MainView.swift in Sources */,
				5316CF8328E162B9009A37D9 /* Constant.swift in Sources */,
				5316CFA128E1B01F009A37D9 /* CreditsView.swift in Sources */,
				5316CF9F28E1A941009A37D9 /* NavigationBarView.swift in Sources */,
				5316CF9728E181EA009A37D9 /* FeaturedItemView.swift in Sources */,
				5316CF8A28E16837009A37D9 /* CategoryItemView.swift in Sources */,
				5368779128E6E012003F239E /* SleepDataDetailView.swift in Sources */,
				5395265128E084C8004FABF9 /* MusicView.swift in Sources */,
				5316CF9328E17140009A37D9 /* CodableBundleExtension.swift in Sources */,
				53DD6D5928E0379600DC3E64 /* SleepStoriesApp.swift in Sources */,
			);
			runOnlyForDeploymentPostprocessing = 0;
		};
/* End PBXSourcesBuildPhase section */

/* Begin XCBuildConfiguration section */
		53DD6D6128E0379800DC3E64 /* Debug */ = {
			isa = XCBuildConfiguration;
			buildSettings = {
				ALWAYS_SEARCH_USER_PATHS = NO;
				CLANG_ANALYZER_NONNULL = YES;
				CLANG_ANALYZER_NUMBER_OBJECT_CONVERSION = YES_AGGRESSIVE;
				CLANG_CXX_LANGUAGE_STANDARD = "gnu++20";
				CLANG_ENABLE_MODULES = YES;
				CLANG_ENABLE_OBJC_ARC = YES;
				CLANG_ENABLE_OBJC_WEAK = YES;
				CLANG_WARN_BLOCK_CAPTURE_AUTORELEASING = YES;
				CLANG_WARN_BOOL_CONVERSION = YES;
				CLANG_WARN_COMMA = YES;
				CLANG_WARN_CONSTANT_CONVERSION = YES;
				CLANG_WARN_DEPRECATED_OBJC_IMPLEMENTATIONS = YES;
				CLANG_WARN_DIRECT_OBJC_ISA_USAGE = YES_ERROR;
				CLANG_WARN_DOCUMENTATION_COMMENTS = YES;
				CLANG_WARN_EMPTY_BODY = YES;
				CLANG_WARN_ENUM_CONVERSION = YES;
				CLANG_WARN_INFINITE_RECURSION = YES;
				CLANG_WARN_INT_CONVERSION = YES;
				CLANG_WARN_NON_LITERAL_NULL_CONVERSION = YES;
				CLANG_WARN_OBJC_IMPLICIT_RETAIN_SELF = YES;
				CLANG_WARN_OBJC_LITERAL_CONVERSION = YES;
				CLANG_WARN_OBJC_ROOT_CLASS = YES_ERROR;
				CLANG_WARN_QUOTED_INCLUDE_IN_FRAMEWORK_HEADER = YES;
				CLANG_WARN_RANGE_LOOP_ANALYSIS = YES;
				CLANG_WARN_STRICT_PROTOTYPES = YES;
				CLANG_WARN_SUSPICIOUS_MOVE = YES;
				CLANG_WARN_UNGUARDED_AVAILABILITY = YES_AGGRESSIVE;
				CLANG_WARN_UNREACHABLE_CODE = YES;
				CLANG_WARN__DUPLICATE_METHOD_MATCH = YES;
				COPY_PHASE_STRIP = NO;
				DEBUG_INFORMATION_FORMAT = dwarf;
				ENABLE_STRICT_OBJC_MSGSEND = YES;
				ENABLE_TESTABILITY = YES;
				GCC_C_LANGUAGE_STANDARD = gnu11;
				GCC_DYNAMIC_NO_PIC = NO;
				GCC_NO_COMMON_BLOCKS = YES;
				GCC_OPTIMIZATION_LEVEL = 0;
				GCC_PREPROCESSOR_DEFINITIONS = (
					"DEBUG=1",
					"$(inherited)",
				);
				GCC_WARN_64_TO_32_BIT_CONVERSION = YES;
				GCC_WARN_ABOUT_RETURN_TYPE = YES_ERROR;
				GCC_WARN_UNDECLARED_SELECTOR = YES;
				GCC_WARN_UNINITIALIZED_AUTOS = YES_AGGRESSIVE;
				GCC_WARN_UNUSED_FUNCTION = YES;
				GCC_WARN_UNUSED_VARIABLE = YES;
				IPHONEOS_DEPLOYMENT_TARGET = 16.0;
				MTL_ENABLE_DEBUG_INFO = INCLUDE_SOURCE;
				MTL_FAST_MATH = YES;
				ONLY_ACTIVE_ARCH = YES;
				SDKROOT = iphoneos;
				SWIFT_ACTIVE_COMPILATION_CONDITIONS = DEBUG;
				SWIFT_OPTIMIZATION_LEVEL = "-Onone";
			};
			name = Debug;
		};
		53DD6D6228E0379800DC3E64 /* Release */ = {
			isa = XCBuildConfiguration;
			buildSettings = {
				ALWAYS_SEARCH_USER_PATHS = NO;
				CLANG_ANALYZER_NONNULL = YES;
				CLANG_ANALYZER_NUMBER_OBJECT_CONVERSION = YES_AGGRESSIVE;
				CLANG_CXX_LANGUAGE_STANDARD = "gnu++20";
				CLANG_ENABLE_MODULES = YES;
				CLANG_ENABLE_OBJC_ARC = YES;
				CLANG_ENABLE_OBJC_WEAK = YES;
				CLANG_WARN_BLOCK_CAPTURE_AUTORELEASING = YES;
				CLANG_WARN_BOOL_CONVERSION = YES;
				CLANG_WARN_COMMA = YES;
				CLANG_WARN_CONSTANT_CONVERSION = YES;
				CLANG_WARN_DEPRECATED_OBJC_IMPLEMENTATIONS = YES;
				CLANG_WARN_DIRECT_OBJC_ISA_USAGE = YES_ERROR;
				CLANG_WARN_DOCUMENTATION_COMMENTS = YES;
				CLANG_WARN_EMPTY_BODY = YES;
				CLANG_WARN_ENUM_CONVERSION = YES;
				CLANG_WARN_INFINITE_RECURSION = YES;
				CLANG_WARN_INT_CONVERSION = YES;
				CLANG_WARN_NON_LITERAL_NULL_CONVERSION = YES;
				CLANG_WARN_OBJC_IMPLICIT_RETAIN_SELF = YES;
				CLANG_WARN_OBJC_LITERAL_CONVERSION = YES;
				CLANG_WARN_OBJC_ROOT_CLASS = YES_ERROR;
				CLANG_WARN_QUOTED_INCLUDE_IN_FRAMEWORK_HEADER = YES;
				CLANG_WARN_RANGE_LOOP_ANALYSIS = YES;
				CLANG_WARN_STRICT_PROTOTYPES = YES;
				CLANG_WARN_SUSPICIOUS_MOVE = YES;
				CLANG_WARN_UNGUARDED_AVAILABILITY = YES_AGGRESSIVE;
				CLANG_WARN_UNREACHABLE_CODE = YES;
				CLANG_WARN__DUPLICATE_METHOD_MATCH = YES;
				COPY_PHASE_STRIP = NO;
				DEBUG_INFORMATION_FORMAT = "dwarf-with-dsym";
				ENABLE_NS_ASSERTIONS = NO;
				ENABLE_STRICT_OBJC_MSGSEND = YES;
				GCC_C_LANGUAGE_STANDARD = gnu11;
				GCC_NO_COMMON_BLOCKS = YES;
				GCC_WARN_64_TO_32_BIT_CONVERSION = YES;
				GCC_WARN_ABOUT_RETURN_TYPE = YES_ERROR;
				GCC_WARN_UNDECLARED_SELECTOR = YES;
				GCC_WARN_UNINITIALIZED_AUTOS = YES_AGGRESSIVE;
				GCC_WARN_UNUSED_FUNCTION = YES;
				GCC_WARN_UNUSED_VARIABLE = YES;
				IPHONEOS_DEPLOYMENT_TARGET = 16.0;
				MTL_ENABLE_DEBUG_INFO = NO;
				MTL_FAST_MATH = YES;
				SDKROOT = iphoneos;
				SWIFT_COMPILATION_MODE = wholemodule;
				SWIFT_OPTIMIZATION_LEVEL = "-O";
				VALIDATE_PRODUCT = YES;
			};
			name = Release;
		};
		53DD6D6428E0379800DC3E64 /* Debug */ = {
			isa = XCBuildConfiguration;
			buildSettings = {
				ASSETCATALOG_COMPILER_APPICON_NAME = AppIcon;
				ASSETCATALOG_COMPILER_GLOBAL_ACCENT_COLOR_NAME = AccentColor;
				CODE_SIGN_STYLE = Automatic;
				CURRENT_PROJECT_VERSION = 1;
				DEVELOPMENT_ASSET_PATHS = "\"SleepStories/Preview Content\"";
				DEVELOPMENT_TEAM = EJGCGKY84H;
				ENABLE_PREVIEWS = YES;
				GENERATE_INFOPLIST_FILE = YES;
				INFOPLIST_FILE = SleepStories/Info.plist;
				INFOPLIST_KEY_UIApplicationSceneManifest_Generation = YES;
				INFOPLIST_KEY_UIApplicationSupportsIndirectInputEvents = YES;
				INFOPLIST_KEY_UILaunchStoryboardName = LaunchScreen.storyboard;
				INFOPLIST_KEY_UISupportedInterfaceOrientations = UIInterfaceOrientationPortrait;
				LD_RUNPATH_SEARCH_PATHS = (
					"$(inherited)",
					"@executable_path/Frameworks",
				);
				MARKETING_VERSION = 1.0;
				PRODUCT_BUNDLE_IDENTIFIER = com.moyahexagon.SleepStories;
				PRODUCT_NAME = "$(TARGET_NAME)";
				SUPPORTED_PLATFORMS = "iphoneos iphonesimulator";
				SUPPORTS_MACCATALYST = NO;
				SUPPORTS_MAC_DESIGNED_FOR_IPHONE_IPAD = NO;
				SWIFT_EMIT_LOC_STRINGS = YES;
				SWIFT_VERSION = 5.0;
				TARGETED_DEVICE_FAMILY = 1;
			};
			name = Debug;
		};
		53DD6D6528E0379800DC3E64 /* Release */ = {
			isa = XCBuildConfiguration;
			buildSettings = {
				ASSETCATALOG_COMPILER_APPICON_NAME = AppIcon;
				ASSETCATALOG_COMPILER_GLOBAL_ACCENT_COLOR_NAME = AccentColor;
				CODE_SIGN_STYLE = Automatic;
				CURRENT_PROJECT_VERSION = 1;
				DEVELOPMENT_ASSET_PATHS = "\"SleepStories/Preview Content\"";
				DEVELOPMENT_TEAM = EJGCGKY84H;
				ENABLE_PREVIEWS = YES;
				GENERATE_INFOPLIST_FILE = YES;
				INFOPLIST_FILE = SleepStories/Info.plist;
				INFOPLIST_KEY_UIApplicationSceneManifest_Generation = YES;
				INFOPLIST_KEY_UIApplicationSupportsIndirectInputEvents = YES;
				INFOPLIST_KEY_UILaunchStoryboardName = LaunchScreen.storyboard;
				INFOPLIST_KEY_UISupportedInterfaceOrientations = UIInterfaceOrientationPortrait;
				LD_RUNPATH_SEARCH_PATHS = (
					"$(inherited)",
					"@executable_path/Frameworks",
				);
				MARKETING_VERSION = 1.0;
				PRODUCT_BUNDLE_IDENTIFIER = com.moyahexagon.SleepStories;
				PRODUCT_NAME = "$(TARGET_NAME)";
				SUPPORTED_PLATFORMS = "iphoneos iphonesimulator";
				SUPPORTS_MACCATALYST = NO;
				SUPPORTS_MAC_DESIGNED_FOR_IPHONE_IPAD = NO;
				SWIFT_EMIT_LOC_STRINGS = YES;
				SWIFT_VERSION = 5.0;
				TARGETED_DEVICE_FAMILY = 1;
			};
			name = Release;
		};
/* End XCBuildConfiguration section */

/* Begin XCConfigurationList section */
		53DD6D5028E0379600DC3E64 /* Build configuration list for PBXProject "SleepStories" */ = {
			isa = XCConfigurationList;
			buildConfigurations = (
				53DD6D6128E0379800DC3E64 /* Debug */,
				53DD6D6228E0379800DC3E64 /* Release */,
			);
			defaultConfigurationIsVisible = 0;
			defaultConfigurationName = Release;
		};
		53DD6D6328E0379800DC3E64 /* Build configuration list for PBXNativeTarget "SleepStories" */ = {
			isa = XCConfigurationList;
			buildConfigurations = (
				53DD6D6428E0379800DC3E64 /* Debug */,
				53DD6D6528E0379800DC3E64 /* Release */,
			);
			defaultConfigurationIsVisible = 0;
			defaultConfigurationName = Release;
		};
/* End XCConfigurationList section */
	};
	rootObject = 53DD6D4D28E0379600DC3E64 /* Project object */;
}
